
Microsoft Visual Studio Solution File, Format Version 12.00
# Visual Studio Version 16
VisualStudioVersion = 25.0.1706.8
MinimumVisualStudioVersion = 10.0.40219.1
Project("{FAE04EC0-301F-11D3-BF4B-00C04F79EFBC}") = "DevelopCApp_Homework_05", "DevelopCApp_Homework_05\DevelopCApp_Homework_05.csproj", "{92A59197-F0D8-4ADB-A4EB-37B1D22A2B00}"
EndProject
Global
	GlobalSection(SolutionConfigurationPlatforms) = preSolution
		Debug|Any CPU = Debug|Any CPU
		Release|Any CPU = Release|Any CPU
	EndGlobalSection
	GlobalSection(ProjectConfigurationPlatforms) = postSolution
		{92A59197-F0D8-4ADB-A4EB-37B1D22A2B00}.Debug|Any CPU.ActiveCfg = Debug|Any CPU
		{92A59197-F0D8-4ADB-A4EB-37B1D22A2B00}.Debug|Any CPU.Build.0 = Debug|Any CPU
		{92A59197-F0D8-4ADB-A4EB-37B1D22A2B00}.Release|Any CPU.ActiveCfg = Release|Any CPU
		{92A59197-F0D8-4ADB-A4EB-37B1D22A2B00}.Release|Any CPU.Build.0 = Release|Any CPU
	EndGlobalSection
	GlobalSection(SolutionProperties) = preSolution
		HideSolutionNode = FALSE
	EndGlobalSection
	GlobalSection(ExtensibilityGlobals) = postSolution
		SolutionGuid = {7E9CF67D-17CD-49DF-B4A8-8316346A7621}
	EndGlobalSection
EndGlobal
